
Microsoft Visual Studio Solution File, Format Version 12.00
# Visual Studio Version 16
VisualStudioVersion = 16.0.30204.135
MinimumVisualStudioVersion = 15.0.26124.0
Project("{9A19103F-16F7-4668-BE54-9A1E7A4F7556}") = "Demo", "Demo.csproj", "{CFDBEAEA-D4C7-4E1C-9A5E-F517193EC4C0}"
EndProject
Project("{FAE04EC0-301F-11D3-BF4B-00C04F79EFBC}") = "DemoApp", "..\DemoApp\DemoApp.csproj", "{4A11A90A-A67B-490F-BE5C-EC9FCDA0EA4E}"
EndProject
Global
	GlobalSection(SolutionConfigurationPlatforms) = preSolution
		Debug|Any CPU = Debug|Any CPU
		Debug|x64 = Debug|x64
		Debug|x86 = Debug|x86
		Release|Any CPU = Release|Any CPU
		Release|x64 = Release|x64
		Release|x86 = Release|x86
	EndGlobalSection
	GlobalSection(ProjectConfigurationPlatforms) = postSolution
		{CFDBEAEA-D4C7-4E1C-9A5E-F517193EC4C0}.Debug|Any CPU.ActiveCfg = Debug|Any CPU
		{CFDBEAEA-D4C7-4E1C-9A5E-F517193EC4C0}.Debug|Any CPU.Build.0 = Debug|Any CPU
		{CFDBEAEA-D4C7-4E1C-9A5E-F517193EC4C0}.Debug|x64.ActiveCfg = Debug|Any CPU
		{CFDBEAEA-D4C7-4E1C-9A5E-F517193EC4C0}.Debug|x64.Build.0 = Debug|Any CPU
		{CFDBEAEA-D4C7-4E1C-9A5E-F517193EC4C0}.Debug|x86.ActiveCfg = Debug|Any CPU
		{CFDBEAEA-D4C7-4E1C-9A5E-F517193EC4C0}.Debug|x86.Build.0 = Debug|Any CPU
		{CFDBEAEA-D4C7-4E1C-9A5E-F517193EC4C0}.Release|Any CPU.ActiveCfg = Release|Any CPU
		{CFDBEAEA-D4C7-4E1C-9A5E-F517193EC4C0}.Release|Any CPU.Build.0 = Release|Any CPU
		{CFDBEAEA-D4C7-4E1C-9A5E-F517193EC4C0}.Release|x64.ActiveCfg = Release|Any CPU
		{CFDBEAEA-D4C7-4E1C-9A5E-F517193EC4C0}.Release|x64.Build.0 = Release|Any CPU
		{CFDBEAEA-D4C7-4E1C-9A5E-F517193EC4C0}.Release|x86.ActiveCfg = Release|Any CPU
		{CFDBEAEA-D4C7-4E1C-9A5E-F517193EC4C0}.Release|x86.Build.0 = Release|Any CPU
		{4A11A90A-A67B-490F-BE5C-EC9FCDA0EA4E}.Debug|Any CPU.ActiveCfg = Debug|Any CPU
		{4A11A90A-A67B-490F-BE5C-EC9FCDA0EA4E}.Debug|Any CPU.Build.0 = Debug|Any CPU
		{4A11A90A-A67B-490F-BE5C-EC9FCDA0EA4E}.Debug|x64.ActiveCfg = Debug|Any CPU
		{4A11A90A-A67B-490F-BE5C-EC9FCDA0EA4E}.Debug|x64.Build.0 = Debug|Any CPU
		{4A11A90A-A67B-490F-BE5C-EC9FCDA0EA4E}.Debug|x86.ActiveCfg = Debug|Any CPU
		{4A11A90A-A67B-490F-BE5C-EC9FCDA0EA4E}.Debug|x86.Build.0 = Debug|Any CPU
		{4A11A90A-A67B-490F-BE5C-EC9FCDA0EA4E}.Release|Any CPU.ActiveCfg = Release|Any CPU
		{4A11A90A-A67B-490F-BE5C-EC9FCDA0EA4E}.Release|Any CPU.Build.0 = Release|Any CPU
		{4A11A90A-A67B-490F-BE5C-EC9FCDA0EA4E}.Release|x64.ActiveCfg = Release|Any CPU
		{4A11A90A-A67B-490F-BE5C-EC9FCDA0EA4E}.Release|x64.Build.0 = Release|Any CPU
		{4A11A90A-A67B-490F-BE5C-EC9FCDA0EA4E}.Release|x86.ActiveCfg = Release|Any CPU
		{4A11A90A-A67B-490F-BE5C-EC9FCDA0EA4E}.Release|x86.Build.0 = Release|Any CPU
	EndGlobalSection
	GlobalSection(SolutionProperties) = preSolution
		HideSolutionNode = FALSE
	EndGlobalSection
	GlobalSection(ExtensibilityGlobals) = postSolution
		SolutionGuid = {14151651-1181-47FF-984E-C924CAD8114E}
	EndGlobalSection
EndGlobal
